Microsoft Visual Studio Solution File, Format Version 12.00
# Visual Studio Version 17
VisualStudioVersion = 17.0.31903.59
MinimumVisualStudioVersion = 10.0.40219.1
Project("{9A19103F-16F7-4668-BE54-9A1E7A4F7556}") = "Core", "src\Core\Core.csproj", "{A1B2C3D4-E5F6-7890-ABCD-EF1234567890}"
EndProject
Project("{9A19103F-16F7-4668-BE54-9A1E7A4F7556}") = "Importacao.Core", "src\Importacao.Core\Importacao.Core.csproj", "{B1C2D3E4-F5A6-7890-BCDE-F12345678901}"
EndProject
Project("{9A19103F-16F7-4668-BE54-9A1E7A4F7556}") = "Importacao.Alunos", "src\Importacao.Alunos\Importacao.Alunos.csproj", "{C1D2E3F4-A5B6-7890-CDEF-123456789012}"
EndProject
Project("{9A19103F-16F7-4668-BE54-9A1E7A4F7556}") = "Importacao.Produtos", "src\Importacao.Produtos\Importacao.Produtos.csproj", "{D1E2F3A4-B5C6-7890-DEF1-234567890123}"
EndProject
Project("{9A19103F-16F7-4668-BE54-9A1E7A4F7556}") = "Pedidos.Core", "src\Pedidos.Core\Pedidos.Core.csproj", "{E1F2A3B4-C5D6-7890-EF12-345678901234}"
EndProject
Project("{9A19103F-16F7-4668-BE54-9A1E7A4F7556}") = "Pedidos.Nacional", "src\Pedidos.Nacional\Pedidos.Nacional.csproj", "{F1A2B3C4-D5E6-7890-F123-456789012345}"
EndProject
Project("{9A19103F-16F7-4668-BE54-9A1E7A4F7556}") = "Pedidos.Internacional", "src\Pedidos.Internacional\Pedidos.Internacional.csproj", "{A2B3C4D5-E6F7-8901-2345-678901234567}"
EndProject
Project("{9A19103F-16F7-4668-BE54-9A1E7A4F7556}") = "Pagamento.Core", "src\Pagamento.Core\Pagamento.Core.csproj", "{B2C3D4E5-F6A7-8901-3456-789012345678}"
EndProject
Project("{9A19103F-16F7-4668-BE54-9A1E7A4F7556}") = "Pagamento.BR", "src\Pagamento.BR\Pagamento.BR.csproj", "{C2D3E4F5-A6B7-8901-4567-890123456789}"
EndProject
Project("{9A19103F-16F7-4668-BE54-9A1E7A4F7556}") = "Pagamento.US", "src\Pagamento.US\Pagamento.US.csproj", "{D2E3F4A5-B6C7-8901-5678-901234567890}"
EndProject
Project("{9A19103F-16F7-4668-BE54-9A1E7A4F7556}") = "Sync.Core", "src\Sync.Core\Sync.Core.csproj", "{E2F3A4B5-C6D7-8901-6789-012345678901}"
EndProject
Project("{9A19103F-16F7-4668-BE54-9A1E7A4F7556}") = "Sync.Erp", "src\Sync.Erp\Sync.Erp.csproj", "{F2A3B4C5-D6E7-8901-7890-123456789012}"
EndProject
Project("{9A19103F-16F7-4668-BE54-9A1E7A4F7556}") = "Sync.Marketplace", "src\Sync.Marketplace\Sync.Marketplace.csproj", "{A3B4C5D6-E7F8-9012-8901-234567890123}"
EndProject
Project("{9A19103F-16F7-4668-BE54-9A1E7A4F7556}") = "Importacao.Tests", "tests\Importacao.Tests\Importacao.Tests.csproj", "{B3C4D5E6-F7A8-9012-9012-345678901234}"
EndProject
Project("{9A19103F-16F7-4668-BE54-9A1E7A4F7556}") = "Pedidos.Tests", "tests\Pedidos.Tests\Pedidos.Tests.csproj", "{C3D4E5F6-A7B8-9012-0123-456789012345}"
EndProject
Project("{9A19103F-16F7-4668-BE54-9A1E7A4F7556}") = "Pagamento.Tests", "tests\Pagamento.Tests\Pagamento.Tests.csproj", "{D3E4F5A6-B7C8-9012-1234-567890123456}"
EndProject
Project("{9A19103F-16F7-4668-BE54-9A1E7A4F7556}") = "Sync.Tests", "tests\Sync.Tests\Sync.Tests.csproj", "{E3F4A5B6-C7D8-9012-2345-678901234567}"
EndProject
Global
GlobalSection(SolutionConfigurationPlatforms) = preSolution
Debug|Any CPU = Debug|Any CPU
Release|Any CPU = Release|Any CPU
EndGlobalSection
GlobalSection(ProjectConfigurationPlatforms) = postSolution
{A1B2C3D4-E5F6-7890-ABCD-EF1234567890}.Debug|Any CPU.ActiveCfg = Debug|Any CPU
{A1B2C3D4-E5F6-7890-ABCD-EF1234567890}.Debug|Any CPU.Build.0 = Debug|Any CPU
{A1B2C3D4-E5F6-7890-ABCD-EF1234567890}.Release|Any CPU.ActiveCfg = Release|Any CPU
{A1B2C3D4-E5F6-7890-ABCD-EF1234567890}.Release|Any CPU.Build.0 = Release|Any CPU
{B1C2D3E4-F5A6-7890-BCDE-F12345678901}.Debug|Any CPU.ActiveCfg = Debug|Any CPU
{B1C2D3E4-F5A6-7890-BCDE-F12345678901}.Debug|Any CPU.Build.0 = Debug|Any CPU
{B1C2D3E4-F5A6-7890-BCDE-F12345678901}.Release|Any CPU.ActiveCfg = Release|Any CPU
{B1C2D3E4-F5A6-7890-BCDE-F12345678901}.Release|Any CPU.Build.0 = Release|Any CPU
{C1D2E3F4-A5B6-7890-CDEF-123456789012}.Debug|Any CPU.ActiveCfg = Debug|Any CPU
{C1D2E3F4-A5B6-7890-CDEF-123456789012}.Debug|Any CPU.Build.0 = Debug|Any CPU
{C1D2E3F4-A5B6-7890-CDEF-123456789012}.Release|Any CPU.ActiveCfg = Release|Any CPU
{C1D2E3F4-A5B6-7890-CDEF-123456789012}.Release|Any CPU.Build.0 = Release|Any CPU
{D1E2F3A4-B5C6-7890-DEF1-234567890123}.Debug|Any CPU.ActiveCfg = Debug|Any CPU
{D1E2F3A4-B5C6-7890-DEF1-234567890123}.Debug|Any CPU.Build.0 = Debug|Any CPU
{D1E2F3A4-B5C6-7890-DEF1-234567890123}.Release|Any CPU.ActiveCfg = Release|Any CPU
{D1E2F3A4-B5C6-7890-DEF1-234567890123}.Release|Any CPU.Build.0 = Release|Any CPU
{E1F2A3B4-C5D6-7890-EF12-345678901234}.Debug|Any CPU.ActiveCfg = Debug|Any CPU
{E1F2A3B4-C5D6-7890-EF12-345678901234}.Debug|Any CPU.Build.0 = Debug|Any CPU
{E1F2A3B4-C5D6-7890-EF12-345678901234}.Release|Any CPU.ActiveCfg = Release|Any CPU
{E1F2A3B4-C5D6-7890-EF12-345678901234}.Release|Any CPU.Build.0 = Release|Any CPU
{F1A2B3C4-D5E6-7890-F123-456789012345}.Debug|Any CPU.ActiveCfg = Debug|Any CPU
{F1A2B3C4-D5E6-7890-F123-456789012345}.Debug|Any CPU.Build.0 = Debug|Any CPU
{F1A2B3C4-D5E6-7890-F123-456789012345}.Release|Any CPU.ActiveCfg = Release|Any CPU
{F1A2B3C4-D5E6-7890-F123-456789012345}.Release|Any CPU.Build.0 = Release|Any CPU
{A2B3C4D5-E6F7-8901-2345-678901234567}.Debug|Any CPU.ActiveCfg = Debug|Any CPU
{A2B3C4D5-E6F7-8901-2345-678901234567}.Debug|Any CPU.Build.0 = Debug|Any CPU
{A2B3C4D5-E6F7-8901-2345-678901234567}.Release|Any CPU.ActiveCfg = Release|Any CPU
{A2B3C4D5-E6F7-8901-2345-678901234567}.Release|Any CPU.Build.0 = Release|Any CPU
{B2C3D4E5-F6A7-8901-3456-789012345678}.Debug|Any CPU.ActiveCfg = Debug|Any CPU
{B2C3D4E5-F6A7-8901-3456-789012345678}.Debug|Any CPU.Build.0 = Debug|Any CPU
{B2C3D4E5-F6A7-8901-3456-789012345678}.Release|Any CPU.ActiveCfg = Release|Any CPU
{B2C3D4E5-F6A7-8901-3456-789012345678}.Release|Any CPU.Build.0 = Release|Any CPU
{C2D3E4F5-A6B7-8901-4567-890123456789}.Debug|Any CPU.ActiveCfg = Debug|Any CPU
{C2D3E4F5-A6B7-8901-4567-890123456789}.Debug|Any CPU.Build.0 = Debug|Any CPU
{C2D3E4F5-A6B7-8901-4567-890123456789}.Release|Any CPU.ActiveCfg = Release|Any CPU
{C2D3E4F5-A6B7-8901-4567-890123456789}.Release|Any CPU.Build.0 = Release|Any CPU
{D2E3F4A5-B6C7-8901-5678-901234567890}.Debug|Any CPU.ActiveCfg = Debug|Any CPU
{D2E3F4A5-B6C7-8901-5678-901234567890}.Debug|Any CPU.Build.0 = Debug|Any CPU
{D2E3F4A5-B6C7-8901-5678-901234567890}.Release|Any CPU.ActiveCfg = Release|Any CPU
{D2E3F4A5-B6C7-8901-5678-901234567890}.Release|Any CPU.Build.0 = Release|Any CPU
{E2F3A4B5-C6D7-8901-6789-012345678901}.Debug|Any CPU.ActiveCfg = Debug|Any CPU
{E2F3A4B5-C6D7-8901-6789-012345678901}.Debug|Any CPU.Build.0 = Debug|Any CPU
{E2F3A4B5-C6D7-8901-6789-012345678901}.Release|Any CPU.ActiveCfg = Release|Any CPU
{E2F3A4B5-C6D7-8901-6789-012345678901}.Release|Any CPU.Build.0 = Release|Any CPU
{F2A3B4C5-D6E7-8901-7890-123456789012}.Debug|Any CPU.ActiveCfg = Debug|Any CPU
{F2A3B4C5-D6E7-8901-7890-123456789012}.Debug|Any CPU.Build.0 = Debug|Any CPU
{F2A3B4C5-D6E7-8901-7890-123456789012}.Release|Any CPU.ActiveCfg = Release|Any CPU
{F2A3B4C5-D6E7-8901-7890-123456789012}.Release|Any CPU.Build.0 = Release|Any CPU
{A3B4C5D6-E7F8-9012-8901-234567890123}.Debug|Any CPU.ActiveCfg = Debug|Any CPU
{A3B4C5D6-E7F8-9012-8901-234567890123}.Debug|Any CPU.Build.0 = Debug|Any CPU
{A3B4C5D6-E7F8-9012-8901-234567890123}.Release|Any CPU.ActiveCfg = Release|Any CPU
{A3B4C5D6-E7F8-9012-8901-234567890123}.Release|Any CPU.Build.0 = Release|Any CPU
{B3C4D5E6-F7A8-9012-9012-345678901234}.Debug|Any CPU.ActiveCfg = Debug|Any CPU
{B3C4D5E6-F7A8-9012-9012-345678901234}.Debug|Any CPU.Build.0 = Debug|Any CPU
{B3C4D5E6-F7A8-9012-9012-345678901234}.Release|Any CPU.ActiveCfg = Release|Any CPU
{B3C4D5E6-F7A8-9012-9012-345678901234}.Release|Any CPU.Build.0 = Release|Any CPU
{C3D4E5F6-A7B8-9012-0123-456789012345}.Debug|Any CPU.ActiveCfg = Debug|Any CPU
{C3D4E5F6-A7B8-9012-0123-456789012345}.Debug|Any CPU.Build.0 = Debug|Any CPU
{C3D4E5F6-A7B8-9012-0123-456789012345}.Release|Any CPU.ActiveCfg = Release|Any CPU
{C3D4E5F6-A7B8-9012-0123-456789012345}.Release|Any CPU.Build.0 = Release|Any CPU
{D3E4F5A6-B7C8-9012-1234-567890123456}.Debug|Any CPU.ActiveCfg = Debug|Any CPU
{D3E4F5A6-B7C8-9012-1234-567890123456}.Debug|Any CPU.Build.0 = Debug|Any CPU
{D3E4F5A6-B7C8-9012-1234-567890123456}.Release|Any CPU.ActiveCfg = Release|Any CPU
{D3E4F5A6-B7C8-9012-1234-567890123456}.Release|Any CPU.Build.0 = Release|Any CPU
{E3F4A5B6-C7D8-9012-2345-678901234567}.Debug|Any CPU.ActiveCfg = Debug|Any CPU
{E3F4A5B6-C7D8-9012-2345-678901234567}.Debug|Any CPU.Build.0 = Debug|Any CPU
{E3F4A5B6-C7D8-9012-2345-678901234567}.Release|Any CPU.ActiveCfg = Release|Any CPU
{E3F4A5B6-C7D8-9012-2345-678901234567}.Release|Any CPU.Build.0 = Release|Any CPU
EndGlobalSection
GlobalSection(SolutionProperties) = preSolution
HideSolutionNode = FALSE
EndGlobalSection
EndGlobal
